{
  "version": 4,
  "terraform_version": "1.16.2",
  "serial": 11,
  "lineage": "0c9cb8cc-2b9d-9c2d-fbd7-32d5dc4bf5bb",
  "outputs": {},
  "resources": [
    {
      "mode": "managed",
      "type": "local_file",
      "name": "pet",
      "provider": "provider[\"registry.terraform.io/hashicorp/local\"]",
      "instances": [
        {
          "schema_version": 0,
          "attributes": {
            "content": "We love Pets too much !",
            "content_base64": null,
            "content_base64sha256": "2dom1nOmZ35TfvPjtWW5bgxiMaSBtqku2QrGzxkLBbE=",
            "content_base64sha512": "/CB5zYKUQytJKKx4fKrXl1iVWUy1n/5kF/KkyQi/eG8PDJ19Im4tT2aFYdETHIzAZI2k9SwmY4jsvBUUdk2ArQ==",
            "content_md5": "29e6916dcc2ed3893f60c21b1a3c1e1a",
            "content_sha1": "f81805f52bcd07919af8f04293ead437a1d2ecba",
            "content_sha256": "d9da26d673a6677e537ef3e3b565b96e0c6231a481b6a92ed90ac6cf190b05b1",
            "content_sha512": "fc2079cd8294432b4928ac787caad7975895594cb59ffe6417f2a4c908bf786f0f0c9d7d226e2d4f668561d1131c8cc0648da4f52c266388ecbc1514764d80ad",
            "directory_permission": "0777",
            "file_permission": "0700",
            "filename": "/home/omotayoa/Documents/pets.txt",
            "id": "f81805f52bcd07919af8f04293ead437a1d2ecba",
            "sensitive_content": null,
            "source": null
          },
          "sensitive_attributes": [
            [
              {
                "type": "get_attr",
                "value": "sensitive_content"
              }
            ]
          ],
          "identity_schema_version": 0
        }
      ]
    }
  ],
  "check_results": null
}
