{
  "version": 4,
  "terraform_version": "1.16.2",
  "serial": 18,
  "lineage": "0c9cb8cc-2b9d-9c2d-fbd7-32d5dc4bf5bb",
  "outputs": {},
  "resources": [
    {
      "mode": "managed",
      "type": "local_file",
      "name": "pet",
      "provider": "provider[\"registry.terraform.io/hashicorp/local\"]",
      "instances": [
        {
          "schema_version": 0,
          "attributes": {
            "content": "I don't love Pets !!!!!!!!!!!!! \n Okay I love cat just cat",
            "content_base64": null,
            "content_base64sha256": "2tNPJUeCorMDTEdg/0PsW1vEy57HNIGSI8LstMncqEg=",
            "content_base64sha512": "GQt5NLoQACZxKTJey1LGWrQJrDHOZI4SxMmI8jxBZqPSDBYt9c1N60B8fhpo4D6YwGHIJWh2xAuaphvs+K/ueg==",
            "content_md5": "937f39a4f1aec48d27d2c6903c5237c0",
            "content_sha1": "69878c1b9b336fcc86ba361b7b9f8b695e390f56",
            "content_sha256": "dad34f254782a2b3034c4760ff43ec5b5bc4cb9ec734819223c2ecb4c9dca848",
            "content_sha512": "190b7934ba1000267129325ecb52c65ab409ac31ce648e12c4c988f23c4166a3d20c162df5cd4deb407c7e1a68e03e98c061c8256876c40b9aa61becf8afee7a",
            "directory_permission": "0777",
            "file_permission": "0700",
            "filename": "/home/omotayoa/Documents/pets.txt",
            "id": "69878c1b9b336fcc86ba361b7b9f8b695e390f56",
            "sensitive_content": null,
            "source": null
          },
          "sensitive_attributes": [
            [
              {
                "type": "get_attr",
                "value": "sensitive_content"
              }
            ]
          ],
          "identity_schema_version": 0
        }
      ]
    },
    {
      "mode": "managed",
      "type": "random_pet",
      "name": "my-pet",
      "provider": "provider[\"registry.terraform.io/hashicorp/random\"]",
      "instances": [
        {
          "schema_version": 0,
          "attributes": {
            "id": "MrsMrschamois",
            "keepers": null,
            "length": 1,
            "prefix": "Mrs",
            "separator": "Mrs"
          },
          "sensitive_attributes": [],
          "identity_schema_version": 0
        }
      ]
    }
  ],
  "check_results": null
}
