{
  "version": 4,
  "terraform_version": "1.16.2",
  "serial": 15,
  "lineage": "0c9cb8cc-2b9d-9c2d-fbd7-32d5dc4bf5bb",
  "outputs": {},
  "resources": [
    {
      "mode": "managed",
      "type": "local_file",
      "name": "pet",
      "provider": "provider[\"registry.terraform.io/hashicorp/local\"]",
      "instances": [
        {
          "schema_version": 0,
          "attributes": {
            "content": "I don't love Pets !!!!!!!!!!!!!",
            "content_base64": null,
            "content_base64sha256": "vy2U6hIB+J3WcTbPVBzrV8j4mQLayeS2NnmsUlGkBV0=",
            "content_base64sha512": "ncMYHiL7A5CEdgFrIusPygyTpXI4OU8dP4Y4d59mm0ekBdjw+31aLsfOOZMR3HUHBDPfyjXc0gQuJrsQ9qny1w==",
            "content_md5": "e34ec2b72e8e8a936eb8a6512234dca1",
            "content_sha1": "ef8ba2b861faca168ac13ab1e245a020f1d3bf1b",
            "content_sha256": "bf2d94ea1201f89dd67136cf541ceb57c8f89902dac9e4b63679ac5251a4055d",
            "content_sha512": "9dc3181e22fb03908476016b22eb0fca0c93a57238394f1d3f8638779f669b47a405d8f0fb7d5a2ec7ce399311dc75070433dfca35dcd2042e26bb10f6a9f2d7",
            "directory_permission": "0777",
            "file_permission": "0700",
            "filename": "/home/omotayoa/Documents/pets2.txt",
            "id": "ef8ba2b861faca168ac13ab1e245a020f1d3bf1b",
            "sensitive_content": null,
            "source": null
          },
          "sensitive_attributes": [
            [
              {
                "type": "get_attr",
                "value": "sensitive_content"
              }
            ]
          ],
          "identity_schema_version": 0
        }
      ]
    },
    {
      "mode": "managed",
      "type": "random_pet",
      "name": "my-pet",
      "provider": "provider[\"registry.terraform.io/hashicorp/random\"]",
      "instances": [
        {
          "schema_version": 0,
          "attributes": {
            "id": "MrsMrschamois",
            "keepers": null,
            "length": 1,
            "prefix": "Mrs",
            "separator": "Mrs"
          },
          "sensitive_attributes": [],
          "identity_schema_version": 0
        }
      ]
    }
  ],
  "check_results": null
}
